// !$*UTF8*$!
{
	archiveVersion = 1;
	classes = {
	};
	objectVersion = 46;
	objects = {

/* Begin PBXBuildFile section */
		1F07C5591DBFC7BD00434B1B /* ReactiveObjCBridge.framework in Frameworks */ = {isa = PBXBuildFile; fileRef = 1F07C5581DBFC7BD00434B1B /* ReactiveObjCBridge.framework */; };
		1F07C55A1DBFC7BD00434B1B /* ReactiveObjCBridge.framework in Embed Frameworks */ = {isa = PBXBuildFile; fileRef = 1F07C5581DBFC7BD00434B1B /* ReactiveObjCBridge.framework */; settings = {ATTRIBUTES = (CodeSignOnCopy, RemoveHeadersOnCopy, ); }; };
		1F07C55C1DBFC7E100434B1B /* ReactiveObjC.framework in Frameworks */ = {isa = PBXBuildFile; fileRef = 1F07C55B1DBFC7E100434B1B /* ReactiveObjC.framework */; };
		1F07C55D1DBFC7E100434B1B /* ReactiveObjC.framework in Embed Frameworks */ = {isa = PBXBuildFile; fileRef = 1F07C55B1DBFC7E100434B1B /* ReactiveObjC.framework */; settings = {ATTRIBUTES = (CodeSignOnCopy, RemoveHeadersOnCopy, ); }; };
		1F0D0F1A1DC4E87E0083700F /* BindingTarget+Ext.swift in Sources */ = {isa = PBXBuildFile; fileRef = 1F0D0F191DC4E87E0083700F /* BindingTarget+Ext.swift */; };
		1F12CAD01C9F95D6007D7F51 /* WebLinking.framework in Frameworks */ = {isa = PBXBuildFile; fileRef = 1F12CACF1C9F95D6007D7F51 /* WebLinking.framework */; };
		1F12CAD11C9F95D6007D7F51 /* WebLinking.framework in Embed Frameworks */ = {isa = PBXBuildFile; fileRef = 1F12CACF1C9F95D6007D7F51 /* WebLinking.framework */; settings = {ATTRIBUTES = (CodeSignOnCopy, RemoveHeadersOnCopy, ); }; };
		1F1BB5991CBEB21E00CE03B8 /* FlickrAPI.swift in Sources */ = {isa = PBXBuildFile; fileRef = 1F1BB5981CBEB21E00CE03B8 /* FlickrAPI.swift */; };
		1F20D65F1C9F90CC00DC0153 /* PaginationRequestType.swift in Sources */ = {isa = PBXBuildFile; fileRef = 1F20D65E1C9F90CC00DC0153 /* PaginationRequestType.swift */; };
		1F2863581C9F76C6004627D3 /* PaginationViewController.swift in Sources */ = {isa = PBXBuildFile; fileRef = 1F2863571C9F76C6004627D3 /* PaginationViewController.swift */; };
		1F28635A1C9F7C85004627D3 /* PaginationViewModel.swift in Sources */ = {isa = PBXBuildFile; fileRef = 1F2863591C9F7C85004627D3 /* PaginationViewModel.swift */; };
		1F28635C1C9F85DA004627D3 /* APIKit+Ext.swift in Sources */ = {isa = PBXBuildFile; fileRef = 1F28635B1C9F85DA004627D3 /* APIKit+Ext.swift */; };
		1F28A0971CA2220B00287194 /* MenuTabBarController.swift in Sources */ = {isa = PBXBuildFile; fileRef = 1F28A0941CA2220B00287194 /* MenuTabBarController.swift */; };
		1F28A09B1CA222B600287194 /* MenuManager.swift in Sources */ = {isa = PBXBuildFile; fileRef = 1F28A09A1CA222B600287194 /* MenuManager.swift */; };
		1F2D33BA1CB8D565005E38E6 /* MenuType.swift in Sources */ = {isa = PBXBuildFile; fileRef = 1F2D33B91CB8D565005E38E6 /* MenuType.swift */; };
		1F2D33BC1CB8DA3F005E38E6 /* MenuId.swift in Sources */ = {isa = PBXBuildFile; fileRef = 1F2D33BB1CB8DA3F005E38E6 /* MenuId.swift */; };
		1F55495A1CB57C2F002E3B32 /* MenuSettingsViewController.swift in Sources */ = {isa = PBXBuildFile; fileRef = 1F5549591CB57C2F002E3B32 /* MenuSettingsViewController.swift */; };
		1F60F0AC1CC23B4E00D02CA9 /* Cartography.framework in Frameworks */ = {isa = PBXBuildFile; fileRef = 1F60F0AB1CC23B4E00D02CA9 /* Cartography.framework */; };
		1F60F0AD1CC23B4E00D02CA9 /* Cartography.framework in Embed Frameworks */ = {isa = PBXBuildFile; fileRef = 1F60F0AB1CC23B4E00D02CA9 /* Cartography.framework */; settings = {ATTRIBUTES = (CodeSignOnCopy, RemoveHeadersOnCopy, ); }; };
		1F665A901CB1A50F00DBCDC2 /* ReactiveDataSourceType.swift in Sources */ = {isa = PBXBuildFile; fileRef = 1F665A8F1CB1A50F00DBCDC2 /* ReactiveDataSourceType.swift */; };
		1F721D6D1C952F290022EC57 /* ZundokoViewController.swift in Sources */ = {isa = PBXBuildFile; fileRef = 1F721D6B1C952F290022EC57 /* ZundokoViewController.swift */; };
		1F721D6E1C952F290022EC57 /* ZundokoViewController.xib in Resources */ = {isa = PBXBuildFile; fileRef = 1F721D6C1C952F290022EC57 /* ZundokoViewController.xib */; };
		1F7987E41C9F6AE6003AFE72 /* Argo.framework in Frameworks */ = {isa = PBXBuildFile; fileRef = 1F7987E31C9F6AE6003AFE72 /* Argo.framework */; };
		1F7987E51C9F6AE6003AFE72 /* Argo.framework in Embed Frameworks */ = {isa = PBXBuildFile; fileRef = 1F7987E31C9F6AE6003AFE72 /* Argo.framework */; settings = {ATTRIBUTES = (CodeSignOnCopy, RemoveHeadersOnCopy, ); }; };
		1F7987F41C9F6F5F003AFE72 /* Curry.framework in Frameworks */ = {isa = PBXBuildFile; fileRef = 1F7987F31C9F6F5F003AFE72 /* Curry.framework */; };
		1F7987F51C9F6F5F003AFE72 /* Curry.framework in Embed Frameworks */ = {isa = PBXBuildFile; fileRef = 1F7987F31C9F6F5F003AFE72 /* Curry.framework */; settings = {ATTRIBUTES = (CodeSignOnCopy, RemoveHeadersOnCopy, ); }; };
		1F81E9831DB05FE00005AB26 /* Runes.framework in Frameworks */ = {isa = PBXBuildFile; fileRef = 1F81E9821DB05FE00005AB26 /* Runes.framework */; };
		1F81E9841DB05FE00005AB26 /* Runes.framework in Embed Frameworks */ = {isa = PBXBuildFile; fileRef = 1F81E9821DB05FE00005AB26 /* Runes.framework */; settings = {ATTRIBUTES = (CodeSignOnCopy, RemoveHeadersOnCopy, ); }; };
		1F8517EB1BA5179400C1FCB0 /* BingAPI.swift in Sources */ = {isa = PBXBuildFile; fileRef = 1F8517EA1BA5179400C1FCB0 /* BingAPI.swift */; };
		1F8CF17D1CC5C5F90047C2D2 /* PhotosLike.storyboard in Resources */ = {isa = PBXBuildFile; fileRef = 1F8CF1781CC5C5F90047C2D2 /* PhotosLike.storyboard */; };
		1F8CF17E1CC5C5F90047C2D2 /* PhotosDetailViewController.swift in Sources */ = {isa = PBXBuildFile; fileRef = 1F8CF1791CC5C5F90047C2D2 /* PhotosDetailViewController.swift */; };
		1F8CF17F1CC5C5F90047C2D2 /* PhotosLikeManager.swift in Sources */ = {isa = PBXBuildFile; fileRef = 1F8CF17A1CC5C5F90047C2D2 /* PhotosLikeManager.swift */; };
		1F8CF1811CC5C5F90047C2D2 /* PhotosViewController.swift in Sources */ = {isa = PBXBuildFile; fileRef = 1F8CF17C1CC5C5F90047C2D2 /* PhotosViewController.swift */; };
		1F99E6AE1CB3FE5000C44598 /* ItemsViewType.swift in Sources */ = {isa = PBXBuildFile; fileRef = 1F99E6AD1CB3FE5000C44598 /* ItemsViewType.swift */; };
		1FAD0A3D1E34039A00507682 /* Scene.swift in Sources */ = {isa = PBXBuildFile; fileRef = 1FAD0A3C1E34039A00507682 /* Scene.swift */; };
		1FC5913A1CB5EA7B00CBD02E /* ColorSliderViewController.swift in Sources */ = {isa = PBXBuildFile; fileRef = 1FC591391CB5EA7B00CBD02E /* ColorSliderViewController.swift */; };
		1FC5913D1CB5EAC200CBD02E /* ColorSliderViewController.xib in Resources */ = {isa = PBXBuildFile; fileRef = 1FC5913C1CB5EAC200CBD02E /* ColorSliderViewController.xib */; };
		1FC7EA2B1C9FEE2600C6B76C /* PaginationViewController.storyboard in Resources */ = {isa = PBXBuildFile; fileRef = 1FC7EA2A1C9FEE2600C6B76C /* PaginationViewController.storyboard */; };
		1FD70D471CB2B5FD00F8AFC2 /* ReactiveCollectionViewController.swift in Sources */ = {isa = PBXBuildFile; fileRef = 1FD70D461CB2B5FD00F8AFC2 /* ReactiveCollectionViewController.swift */; };
		1FD70D4B1CB2C34300F8AFC2 /* ReactiveArrayViewControllerType.swift in Sources */ = {isa = PBXBuildFile; fileRef = 1FD70D4A1CB2C34300F8AFC2 /* ReactiveArrayViewControllerType.swift */; };
		1FDAA8611DBFA5D4009D5ACA /* ReactiveSwift.framework in Frameworks */ = {isa = PBXBuildFile; fileRef = 1FDAA8601DBFA5D4009D5ACA /* ReactiveSwift.framework */; };
		1FDAA8621DBFA5D4009D5ACA /* ReactiveSwift.framework in Embed Frameworks */ = {isa = PBXBuildFile; fileRef = 1FDAA8601DBFA5D4009D5ACA /* ReactiveSwift.framework */; settings = {ATTRIBUTES = (CodeSignOnCopy, RemoveHeadersOnCopy, ); }; };
		1FDACD121CB5760C00806794 /* MenuBadge.storyboard in Resources */ = {isa = PBXBuildFile; fileRef = 1FDACD111CB5760C00806794 /* MenuBadge.storyboard */; };
		1FDACD141CB5784600806794 /* MenuCustomViewController.swift in Sources */ = {isa = PBXBuildFile; fileRef = 1FDACD131CB5784600806794 /* MenuCustomViewController.swift */; };
		1FDB70B01CB8ED79000A0462 /* BadgeManager.swift in Sources */ = {isa = PBXBuildFile; fileRef = 1FDB70AF1CB8ED79000A0462 /* BadgeManager.swift */; };
		1FE03AE01BB79F1000D16C55 /* APIKit.framework in Frameworks */ = {isa = PBXBuildFile; fileRef = 1FE03ADB1BB79F1000D16C55 /* APIKit.framework */; };
		1FE03AE11BB79F1000D16C55 /* APIKit.framework in Embed Frameworks */ = {isa = PBXBuildFile; fileRef = 1FE03ADB1BB79F1000D16C55 /* APIKit.framework */; settings = {ATTRIBUTES = (CodeSignOnCopy, RemoveHeadersOnCopy, ); }; };
		1FE03AE21BB79F1000D16C55 /* Haneke.framework in Frameworks */ = {isa = PBXBuildFile; fileRef = 1FE03ADC1BB79F1000D16C55 /* Haneke.framework */; };
		1FE03AE31BB79F1000D16C55 /* Haneke.framework in Embed Frameworks */ = {isa = PBXBuildFile; fileRef = 1FE03ADC1BB79F1000D16C55 /* Haneke.framework */; settings = {ATTRIBUTES = (CodeSignOnCopy, RemoveHeadersOnCopy, ); }; };
		1FE03AE61BB79F1000D16C55 /* ReactiveCocoa.framework in Frameworks */ = {isa = PBXBuildFile; fileRef = 1FE03ADE1BB79F1000D16C55 /* ReactiveCocoa.framework */; };
		1FE03AE71BB79F1000D16C55 /* ReactiveCocoa.framework in Embed Frameworks */ = {isa = PBXBuildFile; fileRef = 1FE03ADE1BB79F1000D16C55 /* ReactiveCocoa.framework */; settings = {ATTRIBUTES = (CodeSignOnCopy, RemoveHeadersOnCopy, ); }; };
		1FE03AE81BB79F1000D16C55 /* Result.framework in Frameworks */ = {isa = PBXBuildFile; fileRef = 1FE03ADF1BB79F1000D16C55 /* Result.framework */; };
		1FE03AE91BB79F1000D16C55 /* Result.framework in Embed Frameworks */ = {isa = PBXBuildFile; fileRef = 1FE03ADF1BB79F1000D16C55 /* Result.framework */; settings = {ATTRIBUTES = (CodeSignOnCopy, RemoveHeadersOnCopy, ); }; };
		1FE0DF7B1CAFF01100893311 /* UIBarButtonItem+Ext.swift in Sources */ = {isa = PBXBuildFile; fileRef = 1FE0DF7A1CAFF01100893311 /* UIBarButtonItem+Ext.swift */; };
		1FE0DF7D1CAFF55000893311 /* ReactiveArrayViewModel.swift in Sources */ = {isa = PBXBuildFile; fileRef = 1FE0DF7C1CAFF55000893311 /* ReactiveArrayViewModel.swift */; };
		1FEE10A11BA9E440006E9335 /* Helpers.swift in Sources */ = {isa = PBXBuildFile; fileRef = 1FEE10A01BA9E440006E9335 /* Helpers.swift */; };
		1FF369F51BA50BFD00A49E30 /* IncrementalSearchViewController.swift in Sources */ = {isa = PBXBuildFile; fileRef = 1FF369F41BA50BFD00A49E30 /* IncrementalSearchViewController.swift */; };
		480F7B481BA9705100E10892 /* WhoToFollowViewController.swift in Sources */ = {isa = PBXBuildFile; fileRef = 487B46731BA96A1D00C1DAD6 /* WhoToFollowViewController.swift */; };
		482476AB1CC738F600DA143D /* GameCommand.storyboard in Resources */ = {isa = PBXBuildFile; fileRef = 482476AA1CC738F600DA143D /* GameCommand.storyboard */; };
		48258F621CAA8673003BB383 /* ReactiveArray.framework in Frameworks */ = {isa = PBXBuildFile; fileRef = 48258F611CAA8673003BB383 /* ReactiveArray.framework */; };
		48258F631CAA8673003BB383 /* ReactiveArray.framework in Embed Frameworks */ = {isa = PBXBuildFile; fileRef = 48258F611CAA8673003BB383 /* ReactiveArray.framework */; settings = {ATTRIBUTES = (CodeSignOnCopy, RemoveHeadersOnCopy, ); }; };
		48258F651CAA8BCC003BB383 /* ReactiveTableViewController.swift in Sources */ = {isa = PBXBuildFile; fileRef = 48258F641CAA8BCC003BB383 /* ReactiveTableViewController.swift */; };
		48258F711CAA9669003BB383 /* ReactiveArray.storyboard in Resources */ = {isa = PBXBuildFile; fileRef = 48258F701CAA9669003BB383 /* ReactiveArray.storyboard */; };
		48375AAA1B54B2F200BDA6F3 /* ActionViewController.swift in Sources */ = {isa = PBXBuildFile; fileRef = 48375AA81B54B2F200BDA6F3 /* ActionViewController.swift */; };
		48375AAB1B54B2F200BDA6F3 /* ActionViewController.xib in Resources */ = {isa = PBXBuildFile; fileRef = 48375AA91B54B2F200BDA6F3 /* ActionViewController.xib */; };
		4837D9DA1CC737E400BB1C35 /* GameCommandViewController.swift in Sources */ = {isa = PBXBuildFile; fileRef = 4837D9D91CC737E400BB1C35 /* GameCommandViewController.swift */; };
		486888F61D3DF244008AF8C7 /* ReactiveAutomaton.framework in Frameworks */ = {isa = PBXBuildFile; fileRef = 486888F51D3DF244008AF8C7 /* ReactiveAutomaton.framework */; };
		486888F71D3DF244008AF8C7 /* ReactiveAutomaton.framework in Embed Frameworks */ = {isa = PBXBuildFile; fileRef = 486888F51D3DF244008AF8C7 /* ReactiveAutomaton.framework */; settings = {ATTRIBUTES = (CodeSignOnCopy, RemoveHeadersOnCopy, ); }; };
		486888FB1D3DF35F008AF8C7 /* Automaton.storyboard in Resources */ = {isa = PBXBuildFile; fileRef = 486888F81D3DF35F008AF8C7 /* Automaton.storyboard */; };
		486888FC1D3DF35F008AF8C7 /* AutomatonViewController.swift in Sources */ = {isa = PBXBuildFile; fileRef = 486888F91D3DF35F008AF8C7 /* AutomatonViewController.swift */; };
		4868890C1D3E12E6008AF8C7 /* AutomatonFixtures.swift in Sources */ = {isa = PBXBuildFile; fileRef = 4868890B1D3E12E6008AF8C7 /* AutomatonFixtures.swift */; };
		486CF3301B53B34D0056E591 /* Catalog.swift in Sources */ = {isa = PBXBuildFile; fileRef = 486CF32F1B53B34D0056E591 /* Catalog.swift */; };
		487750711CA27C4B00B56E7B /* Prelude.swift in Sources */ = {isa = PBXBuildFile; fileRef = 487750701CA27C4B00B56E7B /* Prelude.swift */; };
		487750731CA28DD200B56E7B /* Sequence+Ext.swift in Sources */ = {isa = PBXBuildFile; fileRef = 487750721CA28DD200B56E7B /* Sequence+Ext.swift */; };
		487B465D1BA9698C00C1DAD6 /* GitHubAPI.swift in Sources */ = {isa = PBXBuildFile; fileRef = 487B465C1BA9698C00C1DAD6 /* GitHubAPI.swift */; };
		487B46761BA96A1D00C1DAD6 /* WhoToFollowViewController.xib in Resources */ = {isa = PBXBuildFile; fileRef = 487B46741BA96A1D00C1DAD6 /* WhoToFollowViewController.xib */; };
		489463581D51B4D300F9AF27 /* Pulsator.framework in Frameworks */ = {isa = PBXBuildFile; fileRef = 489463571D51B4D300F9AF27 /* Pulsator.framework */; };
		489463591D51B4D300F9AF27 /* Pulsator.framework in Embed Frameworks */ = {isa = PBXBuildFile; fileRef = 489463571D51B4D300F9AF27 /* Pulsator.framework */; settings = {ATTRIBUTES = (CodeSignOnCopy, RemoveHeadersOnCopy, ); }; };
		48D914441B4FB4C400E70080 /* AppDelegate.swift in Sources */ = {isa = PBXBuildFile; fileRef = 48D914431B4FB4C400E70080 /* AppDelegate.swift */; };
		48D914461B4FB4C400E70080 /* MasterViewController.swift in Sources */ = {isa = PBXBuildFile; fileRef = 48D914451B4FB4C400E70080 /* MasterViewController.swift */; };
		48D9144B1B4FB4C400E70080 /* Main.storyboard in Resources */ = {isa = PBXBuildFile; fileRef = 48D914491B4FB4C400E70080 /* Main.storyboard */; };
		48D9144D1B4FB4C400E70080 /* Images.xcassets in Resources */ = {isa = PBXBuildFile; fileRef = 48D9144C1B4FB4C400E70080 /* Images.xcassets */; };
		48D914501B4FB4C400E70080 /* LaunchScreen.xib in Resources */ = {isa = PBXBuildFile; fileRef = 48D9144E1B4FB4C400E70080 /* LaunchScreen.xib */; };
		48D9145C1B4FB4C400E70080 /* ReactiveCocoaCatalogTests.swift in Sources */ = {isa = PBXBuildFile; fileRef = 48D9145B1B4FB4C400E70080 /* ReactiveCocoaCatalogTests.swift */; };
		48DCFA0D1CB7D445001D00EA /* FontAwesome.framework in Frameworks */ = {isa = PBXBuildFile; fileRef = 48DCFA0C1CB7D445001D00EA /* FontAwesome.framework */; };
		48DCFA0E1CB7D445001D00EA /* FontAwesome.framework in Embed Frameworks */ = {isa = PBXBuildFile; fileRef = 48DCFA0C1CB7D445001D00EA /* FontAwesome.framework */; settings = {ATTRIBUTES = (CodeSignOnCopy, RemoveHeadersOnCopy, ); }; };
		48EA638D1BA92F5D007F1251 /* TextFieldViewController.swift in Sources */ = {isa = PBXBuildFile; fileRef = 48EA63891BA92F5D007F1251 /* TextFieldViewController.swift */; };
		48EA638E1BA92F5D007F1251 /* TextFieldViewController.xib in Resources */ = {isa = PBXBuildFile; fileRef = 48EA638A1BA92F5D007F1251 /* TextFieldViewController.xib */; };
		48EA63911BA938A5007F1251 /* MultipleTextFieldViewController.swift in Sources */ = {isa = PBXBuildFile; fileRef = 48EA63871BA92F5D007F1251 /* MultipleTextFieldViewController.swift */; };
		48EA63921BA938A5007F1251 /* MultipleTextFieldViewController.xib in Resources */ = {isa = PBXBuildFile; fileRef = 48EA63881BA92F5D007F1251 /* MultipleTextFieldViewController.xib */; };
		48EA63941BA939A9007F1251 /* ReactiveCocoa+Ext.swift in Sources */ = {isa = PBXBuildFile; fileRef = 48EA63931BA939A9007F1251 /* ReactiveCocoa+Ext.swift */; };
/* End PBXBuildFile section */

/* Begin PBXContainerItemProxy section */
		48D914561B4FB4C400E70080 /* PBXContainerItemProxy */ = {
			isa = PBXContainerItemProxy;
			containerPortal = 48D914361B4FB4C400E70080 /* Project object */;
			proxyType = 1;
			remoteGlobalIDString = 48D9143D1B4FB4C400E70080;
			remoteInfo = ReactiveCocoaCatalog;
		};
/* End PBXContainerItemProxy section */

/* Begin PBXCopyFilesBuildPhase section */
		1FE03AEA1BB79F1000D16C55 /* Embed Frameworks */ = {
			isa = PBXCopyFilesBuildPhase;
			buildActionMask = 2147483647;
			dstPath = "";
			dstSubfolderSpec = 10;
			files = (
				1F60F0AD1CC23B4E00D02CA9 /* Cartography.framework in Embed Frameworks */,
				1FE03AE31BB79F1000D16C55 /* Haneke.framework in Embed Frameworks */,
				1FDAA8621DBFA5D4009D5ACA /* ReactiveSwift.framework in Embed Frameworks */,
				486888F71D3DF244008AF8C7 /* ReactiveAutomaton.framework in Embed Frameworks */,
				1FE03AE11BB79F1000D16C55 /* APIKit.framework in Embed Frameworks */,
				1FE03AE91BB79F1000D16C55 /* Result.framework in Embed Frameworks */,
				1F07C55A1DBFC7BD00434B1B /* ReactiveObjCBridge.framework in Embed Frameworks */,
				1FE03AE71BB79F1000D16C55 /* ReactiveCocoa.framework in Embed Frameworks */,
				1F81E9841DB05FE00005AB26 /* Runes.framework in Embed Frameworks */,
				489463591D51B4D300F9AF27 /* Pulsator.framework in Embed Frameworks */,
				1F12CAD11C9F95D6007D7F51 /* WebLinking.framework in Embed Frameworks */,
				48DCFA0E1CB7D445001D00EA /* FontAwesome.framework in Embed Frameworks */,
				1F07C55D1DBFC7E100434B1B /* ReactiveObjC.framework in Embed Frameworks */,
				48258F631CAA8673003BB383 /* ReactiveArray.framework in Embed Frameworks */,
				1F7987E51C9F6AE6003AFE72 /* Argo.framework in Embed Frameworks */,
				1F7987F51C9F6F5F003AFE72 /* Curry.framework in Embed Frameworks */,
			);
			name = "Embed Frameworks";
			runOnlyForDeploymentPostprocessing = 0;
		};
/* End PBXCopyFilesBuildPhase section */

/* Begin PBXFileReference section */
		1F07C5581DBFC7BD00434B1B /* ReactiveObjCBridge.framework */ = {isa = PBXFileReference; explicitFileType = wrapper.framework; path = ReactiveObjCBridge.framework; sourceTree = BUILT_PRODUCTS_DIR; };
		1F07C55B1DBFC7E100434B1B /* ReactiveObjC.framework */ = {isa = PBXFileReference; explicitFileType = wrapper.framework; path = ReactiveObjC.framework; sourceTree = BUILT_PRODUCTS_DIR; };
		1F0D0F191DC4E87E0083700F /* BindingTarget+Ext.swift */ = {isa = PBXFileReference; fileEncoding = 4; lastKnownFileType = sourcecode.swift; path = "BindingTarget+Ext.swift"; sourceTree = "<group>"; };
		1F12CACF1C9F95D6007D7F51 /* WebLinking.framework */ = {isa = PBXFileReference; lastKnownFileType = wrapper.framework; path = WebLinking.framework; sourceTree = BUILT_PRODUCTS_DIR; };
		1F1BB5981CBEB21E00CE03B8 /* FlickrAPI.swift */ = {isa = PBXFileReference; fileEncoding = 4; lastKnownFileType = sourcecode.swift; path = FlickrAPI.swift; sourceTree = "<group>"; };
		1F20D65E1C9F90CC00DC0153 /* PaginationRequestType.swift */ = {isa = PBXFileReference; fileEncoding = 4; lastKnownFileType = sourcecode.swift; path = PaginationRequestType.swift; sourceTree = "<group>"; };
		1F2863571C9F76C6004627D3 /* PaginationViewController.swift */ = {isa = PBXFileReference; fileEncoding = 4; lastKnownFileType = sourcecode.swift; path = PaginationViewController.swift; sourceTree = "<group>"; };
		1F2863591C9F7C85004627D3 /* PaginationViewModel.swift */ = {isa = PBXFileReference; fileEncoding = 4; lastKnownFileType = sourcecode.swift; path = PaginationViewModel.swift; sourceTree = "<group>"; };
		1F28635B1C9F85DA004627D3 /* APIKit+Ext.swift */ = {isa = PBXFileReference; fileEncoding = 4; lastKnownFileType = sourcecode.swift; path = "APIKit+Ext.swift"; sourceTree = "<group>"; };
		1F28A0941CA2220B00287194 /* MenuTabBarController.swift */ = {isa = PBXFileReference; fileEncoding = 4; lastKnownFileType = sourcecode.swift; path = MenuTabBarController.swift; sourceTree = "<group>"; };
		1F28A09A1CA222B600287194 /* MenuManager.swift */ = {isa = PBXFileReference; fileEncoding = 4; lastKnownFileType = sourcecode.swift; path = MenuManager.swift; sourceTree = "<group>"; };
		1F2D33B91CB8D565005E38E6 /* MenuType.swift */ = {isa = PBXFileReference; fileEncoding = 4; lastKnownFileType = sourcecode.swift; path = MenuType.swift; sourceTree = "<group>"; };
		1F2D33BB1CB8DA3F005E38E6 /* MenuId.swift */ = {isa = PBXFileReference; fileEncoding = 4; lastKnownFileType = sourcecode.swift; path = MenuId.swift; sourceTree = "<group>"; };
		1F5549591CB57C2F002E3B32 /* MenuSettingsViewController.swift */ = {isa = PBXFileReference; fileEncoding = 4; lastKnownFileType = sourcecode.swift; path = MenuSettingsViewController.swift; sourceTree = "<group>"; };
		1F60F0AB1CC23B4E00D02CA9 /* Cartography.framework */ = {isa = PBXFileReference; lastKnownFileType = wrapper.framework; path = Cartography.framework; sourceTree = BUILT_PRODUCTS_DIR; };
		1F665A8F1CB1A50F00DBCDC2 /* ReactiveDataSourceType.swift */ = {isa = PBXFileReference; fileEncoding = 4; lastKnownFileType = sourcecode.swift; path = ReactiveDataSourceType.swift; sourceTree = "<group>"; };
		1F721D6B1C952F290022EC57 /* ZundokoViewController.swift */ = {isa = PBXFileReference; fileEncoding = 4; lastKnownFileType = sourcecode.swift; path = ZundokoViewController.swift; sourceTree = "<group>"; };
		1F721D6C1C952F290022EC57 /* ZundokoViewController.xib */ = {isa = PBXFileReference; fileEncoding = 4; lastKnownFileType = file.xib; path = ZundokoViewController.xib; sourceTree = "<group>"; };
		1F7987E31C9F6AE6003AFE72 /* Argo.framework */ = {isa = PBXFileReference; lastKnownFileType = wrapper.framework; path = Argo.framework; sourceTree = BUILT_PRODUCTS_DIR; };
		1F7987F31C9F6F5F003AFE72 /* Curry.framework */ = {isa = PBXFileReference; lastKnownFileType = wrapper.framework; path = Curry.framework; sourceTree = BUILT_PRODUCTS_DIR; };
		1F81E9821DB05FE00005AB26 /* Runes.framework */ = {isa = PBXFileReference; explicitFileType = wrapper.framework; path = Runes.framework; sourceTree = BUILT_PRODUCTS_DIR; };
		1F8517EA1BA5179400C1FCB0 /* BingAPI.swift */ = {isa = PBXFileReference; fileEncoding = 4; lastKnownFileType = sourcecode.swift; path = BingAPI.swift; sourceTree = "<group>"; };
		1F8CF1781CC5C5F90047C2D2 /* PhotosLike.storyboard */ = {isa = PBXFileReference; fileEncoding = 4; lastKnownFileType = file.storyboard; path = PhotosLike.storyboard; sourceTree = "<group>"; };
		1F8CF1791CC5C5F90047C2D2 /* PhotosDetailViewController.swift */ = {isa = PBXFileReference; fileEncoding = 4; lastKnownFileType = sourcecode.swift; path = PhotosDetailViewController.swift; sourceTree = "<group>"; };
		1F8CF17A1CC5C5F90047C2D2 /* PhotosLikeManager.swift */ = {isa = PBXFileReference; fileEncoding = 4; lastKnownFileType = sourcecode.swift; path = PhotosLikeManager.swift; sourceTree = "<group>"; };
		1F8CF17C1CC5C5F90047C2D2 /* PhotosViewController.swift */ = {isa = PBXFileReference; fileEncoding = 4; lastKnownFileType = sourcecode.swift; path = PhotosViewController.swift; sourceTree = "<group>"; };
		1F99E6AD1CB3FE5000C44598 /* ItemsViewType.swift */ = {isa = PBXFileReference; fileEncoding = 4; lastKnownFileType = sourcecode.swift; path = ItemsViewType.swift; sourceTree = "<group>"; };
		1FAD0A3C1E34039A00507682 /* Scene.swift */ = {isa = PBXFileReference; fileEncoding = 4; lastKnownFileType = sourcecode.swift; name = Scene.swift; path = ../Scene.swift; sourceTree = "<group>"; };
		1FC591391CB5EA7B00CBD02E /* ColorSliderViewController.swift */ = {isa = PBXFileReference; fileEncoding = 4; lastKnownFileType = sourcecode.swift; path = ColorSliderViewController.swift; sourceTree = "<group>"; };
		1FC5913C1CB5EAC200CBD02E /* ColorSliderViewController.xib */ = {isa = PBXFileReference; fileEncoding = 4; lastKnownFileType = file.xib; path = ColorSliderViewController.xib; sourceTree = "<group>"; };
		1FC7EA2A1C9FEE2600C6B76C /* PaginationViewController.storyboard */ = {isa = PBXFileReference; fileEncoding = 4; lastKnownFileType = file.storyboard; path = PaginationViewController.storyboard; sourceTree = "<group>"; };
		1FD70D461CB2B5FD00F8AFC2 /* ReactiveCollectionViewController.swift */ = {isa = PBXFileReference; fileEncoding = 4; lastKnownFileType = sourcecode.swift; path = ReactiveCollectionViewController.swift; sourceTree = "<group>"; };
		1FD70D4A1CB2C34300F8AFC2 /* ReactiveArrayViewControllerType.swift */ = {isa = PBXFileReference; fileEncoding = 4; lastKnownFileType = sourcecode.swift; path = ReactiveArrayViewControllerType.swift; sourceTree = "<group>"; };
		1FDAA8601DBFA5D4009D5ACA /* ReactiveSwift.framework */ = {isa = PBXFileReference; explicitFileType = wrapper.framework; path = ReactiveSwift.framework; sourceTree = BUILT_PRODUCTS_DIR; };
		1FDACD111CB5760C00806794 /* MenuBadge.storyboard */ = {isa = PBXFileReference; fileEncoding = 4; lastKnownFileType = file.storyboard; path = MenuBadge.storyboard; sourceTree = "<group>"; };
		1FDACD131CB5784600806794 /* MenuCustomViewController.swift */ = {isa = PBXFileReference; fileEncoding = 4; lastKnownFileType = sourcecode.swift; path = MenuCustomViewController.swift; sourceTree = "<group>"; };
		1FDB70AF1CB8ED79000A0462 /* BadgeManager.swift */ = {isa = PBXFileReference; fileEncoding = 4; lastKnownFileType = sourcecode.swift; path = BadgeManager.swift; sourceTree = "<group>"; };
		1FE03ADB1BB79F1000D16C55 /* APIKit.framework */ = {isa = PBXFileReference; explicitFileType = wrapper.framework; path = APIKit.framework; sourceTree = BUILT_PRODUCTS_DIR; };
		1FE03ADC1BB79F1000D16C55 /* Haneke.framework */ = {isa = PBXFileReference; explicitFileType = wrapper.framework; path = Haneke.framework; sourceTree = BUILT_PRODUCTS_DIR; };
		1FE03ADE1BB79F1000D16C55 /* ReactiveCocoa.framework */ = {isa = PBXFileReference; explicitFileType = wrapper.framework; path = ReactiveCocoa.framework; sourceTree = BUILT_PRODUCTS_DIR; };
		1FE03ADF1BB79F1000D16C55 /* Result.framework */ = {isa = PBXFileReference; explicitFileType = wrapper.framework; path = Result.framework; sourceTree = BUILT_PRODUCTS_DIR; };
		1FE0DF7A1CAFF01100893311 /* UIBarButtonItem+Ext.swift */ = {isa = PBXFileReference; fileEncoding = 4; lastKnownFileType = sourcecode.swift; path = "UIBarButtonItem+Ext.swift"; sourceTree = "<group>"; };
		1FE0DF7C1CAFF55000893311 /* ReactiveArrayViewModel.swift */ = {isa = PBXFileReference; fileEncoding = 4; lastKnownFileType = sourcecode.swift; path = ReactiveArrayViewModel.swift; sourceTree = "<group>"; };
		1FEE10A01BA9E440006E9335 /* Helpers.swift */ = {isa = PBXFileReference; fileEncoding = 4; lastKnownFileType = sourcecode.swift; path = Helpers.swift; sourceTree = "<group>"; };
		1FF369F41BA50BFD00A49E30 /* IncrementalSearchViewController.swift */ = {isa = PBXFileReference; fileEncoding = 4; lastKnownFileType = sourcecode.swift; path = IncrementalSearchViewController.swift; sourceTree = "<group>"; };
		482476AA1CC738F600DA143D /* GameCommand.storyboard */ = {isa = PBXFileReference; fileEncoding = 4; lastKnownFileType = file.storyboard; path = GameCommand.storyboard; sourceTree = "<group>"; };
		48258F611CAA8673003BB383 /* ReactiveArray.framework */ = {isa = PBXFileReference; lastKnownFileType = wrapper.framework; path = ReactiveArray.framework; sourceTree = BUILT_PRODUCTS_DIR; };
		48258F641CAA8BCC003BB383 /* ReactiveTableViewController.swift */ = {isa = PBXFileReference; fileEncoding = 4; lastKnownFileType = sourcecode.swift; path = ReactiveTableViewController.swift; sourceTree = "<group>"; };
		48258F701CAA9669003BB383 /* ReactiveArray.storyboard */ = {isa = PBXFileReference; fileEncoding = 4; lastKnownFileType = file.storyboard; path = ReactiveArray.storyboard; sourceTree = "<group>"; };
		48375AA81B54B2F200BDA6F3 /* ActionViewController.swift */ = {isa = PBXFileReference; fileEncoding = 4; lastKnownFileType = sourcecode.swift; path = ActionViewController.swift; sourceTree = "<group>"; };
		48375AA91B54B2F200BDA6F3 /* ActionViewController.xib */ = {isa = PBXFileReference; fileEncoding = 4; lastKnownFileType = file.xib; path = ActionViewController.xib; sourceTree = "<group>"; };
		4837D9D91CC737E400BB1C35 /* GameCommandViewController.swift */ = {isa = PBXFileReference; fileEncoding = 4; lastKnownFileType = sourcecode.swift; path = GameCommandViewController.swift; sourceTree = "<group>"; };
		486888F51D3DF244008AF8C7 /* ReactiveAutomaton.framework */ = {isa = PBXFileReference; lastKnownFileType = wrapper.framework; path = ReactiveAutomaton.framework; sourceTree = BUILT_PRODUCTS_DIR; };
		486888F81D3DF35F008AF8C7 /* Automaton.storyboard */ = {isa = PBXFileReference; fileEncoding = 4; lastKnownFileType = file.storyboard; name = Automaton.storyboard; path = Samples/Automaton.storyboard; sourceTree = "<group>"; };
		486888F91D3DF35F008AF8C7 /* AutomatonViewController.swift */ = {isa = PBXFileReference; fileEncoding = 4; lastKnownFileType = sourcecode.swift; name = AutomatonViewController.swift; path = Samples/AutomatonViewController.swift; sourceTree = "<group>"; };
		4868890B1D3E12E6008AF8C7 /* AutomatonFixtures.swift */ = {isa = PBXFileReference; fileEncoding = 4; lastKnownFileType = sourcecode.swift; name = AutomatonFixtures.swift; path = Samples/AutomatonFixtures.swift; sourceTree = "<group>"; };
		486CF32F1B53B34D0056E591 /* Catalog.swift */ = {isa = PBXFileReference; fileEncoding = 4; lastKnownFileType = sourcecode.swift; path = Catalog.swift; sourceTree = "<group>"; };
		487750701CA27C4B00B56E7B /* Prelude.swift */ = {isa = PBXFileReference; fileEncoding = 4; lastKnownFileType = sourcecode.swift; path = Prelude.swift; sourceTree = "<group>"; };
		487750721CA28DD200B56E7B /* Sequence+Ext.swift */ = {isa = PBXFileReference; fileEncoding = 4; lastKnownFileType = sourcecode.swift; path = "Sequence+Ext.swift"; sourceTree = "<group>"; };
		487B465C1BA9698C00C1DAD6 /* GitHubAPI.swift */ = {isa = PBXFileReference; fileEncoding = 4; lastKnownFileType = sourcecode.swift; path = GitHubAPI.swift; sourceTree = "<group>"; };
		487B46731BA96A1D00C1DAD6 /* WhoToFollowViewController.swift */ = {isa = PBXFileReference; fileEncoding = 4; lastKnownFileType = sourcecode.swift; path = WhoToFollowViewController.swift; sourceTree = "<group>"; };
		487B46741BA96A1D00C1DAD6 /* WhoToFollowViewController.xib */ = {isa = PBXFileReference; fileEncoding = 4; lastKnownFileType = file.xib; path = WhoToFollowViewController.xib; sourceTree = "<group>"; };
		489463571D51B4D300F9AF27 /* Pulsator.framework */ = {isa = PBXFileReference; lastKnownFileType = wrapper.framework; path = Pulsator.framework; sourceTree = BUILT_PRODUCTS_DIR; };
		48D9143E1B4FB4C400E70080 /* ReactiveCocoaCatalog.app */ = {isa = PBXFileReference; explicitFileType = wrapper.application; includeInIndex = 0; path = ReactiveCocoaCatalog.app; sourceTree = BUILT_PRODUCTS_DIR; };
		48D914421B4FB4C400E70080 /* Info.plist */ = {isa = PBXFileReference; lastKnownFileType = text.plist.xml; path = Info.plist; sourceTree = "<group>"; };
		48D914431B4FB4C400E70080 /* AppDelegate.swift */ = {isa = PBXFileReference; lastKnownFileType = sourcecode.swift; path = AppDelegate.swift; sourceTree = "<group>"; };
		48D914451B4FB4C400E70080 /* MasterViewController.swift */ = {isa = PBXFileReference; lastKnownFileType = sourcecode.swift; path = MasterViewController.swift; sourceTree = "<group>"; };
		48D9144A1B4FB4C400E70080 /* Base */ = {isa = PBXFileReference; lastKnownFileType = file.storyboard; name = Base; path = Base.lproj/Main.storyboard; sourceTree = "<group>"; };
		48D9144C1B4FB4C400E70080 /* Images.xcassets */ = {isa = PBXFileReference; lastKnownFileType = folder.assetcatalog; path = Images.xcassets; sourceTree = "<group>"; };
		48D9144F1B4FB4C400E70080 /* Base */ = {isa = PBXFileReference; lastKnownFileType = file.xib; name = Base; path = Base.lproj/LaunchScreen.xib; sourceTree = "<group>"; };
		48D914551B4FB4C400E70080 /* ReactiveCocoaCatalogTests.xctest */ = {isa = PBXFileReference; explicitFileType = wrapper.cfbundle; includeInIndex = 0; path = ReactiveCocoaCatalogTests.xctest; sourceTree = BUILT_PRODUCTS_DIR; };
		48D9145A1B4FB4C400E70080 /* Info.plist */ = {isa = PBXFileReference; lastKnownFileType = text.plist.xml; path = Info.plist; sourceTree = "<group>"; };
		48D9145B1B4FB4C400E70080 /* ReactiveCocoaCatalogTests.swift */ = {isa = PBXFileReference; lastKnownFileType = sourcecode.swift; path = ReactiveCocoaCatalogTests.swift; sourceTree = "<group>"; };
		48DCFA0C1CB7D445001D00EA /* FontAwesome.framework */ = {isa = PBXFileReference; lastKnownFileType = wrapper.framework; path = FontAwesome.framework; sourceTree = BUILT_PRODUCTS_DIR; };
		48EA63871BA92F5D007F1251 /* MultipleTextFieldViewController.swift */ = {isa = PBXFileReference; fileEncoding = 4; lastKnownFileType = sourcecode.swift; path = MultipleTextFieldViewController.swift; sourceTree = "<group>"; };
		48EA63881BA92F5D007F1251 /* MultipleTextFieldViewController.xib */ = {isa = PBXFileReference; fileEncoding = 4; lastKnownFileType = file.xib; path = MultipleTextFieldViewController.xib; sourceTree = "<group>"; };
		48EA63891BA92F5D007F1251 /* TextFieldViewController.swift */ = {isa = PBXFileReference; fileEncoding = 4; lastKnownFileType = sourcecode.swift; path = TextFieldViewController.swift; sourceTree = "<group>"; };
		48EA638A1BA92F5D007F1251 /* TextFieldViewController.xib */ = {isa = PBXFileReference; fileEncoding = 4; lastKnownFileType = file.xib; path = TextFieldViewController.xib; sourceTree = "<group>"; };
		48EA63931BA939A9007F1251 /* ReactiveCocoa+Ext.swift */ = {isa = PBXFileReference; fileEncoding = 4; lastKnownFileType = sourcecode.swift; path = "ReactiveCocoa+Ext.swift"; sourceTree = "<group>"; };
/* End PBXFileReference section */

/* Begin PBXFrameworksBuildPhase section */
		48D9143B1B4FB4C400E70080 /* Frameworks */ = {
			isa = PBXFrameworksBuildPhase;
			buildActionMask = 2147483647;
			files = (
				1F60F0AC1CC23B4E00D02CA9 /* Cartography.framework in Frameworks */,
				1FE03AE21BB79F1000D16C55 /* Haneke.framework in Frameworks */,
				1FDAA8611DBFA5D4009D5ACA /* ReactiveSwift.framework in Frameworks */,
				486888F61D3DF244008AF8C7 /* ReactiveAutomaton.framework in Frameworks */,
				1FE03AE01BB79F1000D16C55 /* APIKit.framework in Frameworks */,
				1FE03AE81BB79F1000D16C55 /* Result.framework in Frameworks */,
				1F07C5591DBFC7BD00434B1B /* ReactiveObjCBridge.framework in Frameworks */,
				1FE03AE61BB79F1000D16C55 /* ReactiveCocoa.framework in Frameworks */,
				1F81E9831DB05FE00005AB26 /* Runes.framework in Frameworks */,
				489463581D51B4D300F9AF27 /* Pulsator.framework in Frameworks */,
				1F12CAD01C9F95D6007D7F51 /* WebLinking.framework in Frameworks */,
				48DCFA0D1CB7D445001D00EA /* FontAwesome.framework in Frameworks */,
				1F07C55C1DBFC7E100434B1B /* ReactiveObjC.framework in Frameworks */,
				48258F621CAA8673003BB383 /* ReactiveArray.framework in Frameworks */,
				1F7987E41C9F6AE6003AFE72 /* Argo.framework in Frameworks */,
				1F7987F41C9F6F5F003AFE72 /* Curry.framework in Frameworks */,
			);
			runOnlyForDeploymentPostprocessing = 0;
		};
		48D914521B4FB4C400E70080 /* Frameworks */ = {
			isa = PBXFrameworksBuildPhase;
			buildActionMask = 2147483647;
			files = (
			);
			runOnlyForDeploymentPostprocessing = 0;
		};
/* End PBXFrameworksBuildPhase section */

/* Begin PBXGroup section */
		1F1BB5971CBEABEB00CE03B8 /* PhotosLike */ = {
			isa = PBXGroup;
			children = (
				1F8CF1781CC5C5F90047C2D2 /* PhotosLike.storyboard */,
				1F8CF17C1CC5C5F90047C2D2 /* PhotosViewController.swift */,
				1F8CF1791CC5C5F90047C2D2 /* PhotosDetailViewController.swift */,
				1F8CF17A1CC5C5F90047C2D2 /* PhotosLikeManager.swift */,
			);
			name = PhotosLike;
			sourceTree = "<group>";
		};
		1F28A0991CA2221000287194 /* MenuBadge */ = {
			isa = PBXGroup;
			children = (
				1FDACD111CB5760C00806794 /* MenuBadge.storyboard */,
				1F28A0941CA2220B00287194 /* MenuTabBarController.swift */,
				1F5549591CB57C2F002E3B32 /* MenuSettingsViewController.swift */,
				1FDACD131CB5784600806794 /* MenuCustomViewController.swift */,
				1F28A09A1CA222B600287194 /* MenuManager.swift */,
				1FDB70AF1CB8ED79000A0462 /* BadgeManager.swift */,
				1F2D33B91CB8D565005E38E6 /* MenuType.swift */,
				1F2D33BB1CB8DA3F005E38E6 /* MenuId.swift */,
			);
			name = MenuBadge;
			sourceTree = "<group>";
		};
		1F8517E91BA5176C00C1FCB0 /* API */ = {
			isa = PBXGroup;
			children = (
				1F20D65E1C9F90CC00DC0153 /* PaginationRequestType.swift */,
				1F8517EA1BA5179400C1FCB0 /* BingAPI.swift */,
				487B465C1BA9698C00C1DAD6 /* GitHubAPI.swift */,
				1F1BB5981CBEB21E00CE03B8 /* FlickrAPI.swift */,
			);
			path = API;
			sourceTree = "<group>";
		};
		1F8517F81BA52E3C00C1FCB0 /* Frameworks */ = {
			isa = PBXGroup;
			children = (
				1F81E9821DB05FE00005AB26 /* Runes.framework */,
				489463571D51B4D300F9AF27 /* Pulsator.framework */,
				486888F51D3DF244008AF8C7 /* ReactiveAutomaton.framework */,
				1F60F0AB1CC23B4E00D02CA9 /* Cartography.framework */,
				48DCFA0C1CB7D445001D00EA /* FontAwesome.framework */,
				48258F611CAA8673003BB383 /* ReactiveArray.framework */,
				1F12CACF1C9F95D6007D7F51 /* WebLinking.framework */,
				1F7987F31C9F6F5F003AFE72 /* Curry.framework */,
				1F7987E31C9F6AE6003AFE72 /* Argo.framework */,
				1FE03ADB1BB79F1000D16C55 /* APIKit.framework */,
				1FE03ADC1BB79F1000D16C55 /* Haneke.framework */,
				1FDAA8601DBFA5D4009D5ACA /* ReactiveSwift.framework */,
				1FE03ADE1BB79F1000D16C55 /* ReactiveCocoa.framework */,
				1F07C55B1DBFC7E100434B1B /* ReactiveObjC.framework */,
				1F07C5581DBFC7BD00434B1B /* ReactiveObjCBridge.framework */,
				1FE03ADF1BB79F1000D16C55 /* Result.framework */,
			);
			name = Frameworks;
			path = Shared;
			sourceTree = "<group>";
		};
		1F8517F91BA52E8100C1FCB0 /* Extensions */ = {
			isa = PBXGroup;
			children = (
				48EA63931BA939A9007F1251 /* ReactiveCocoa+Ext.swift */,
				1F0D0F191DC4E87E0083700F /* BindingTarget+Ext.swift */,
				487750721CA28DD200B56E7B /* Sequence+Ext.swift */,
				1F28635B1C9F85DA004627D3 /* APIKit+Ext.swift */,
				1FE0DF7A1CAFF01100893311 /* UIBarButtonItem+Ext.swift */,
			);
			path = Extensions;
			sourceTree = "<group>";
		};
		1FC5913B1CB5EA8000CBD02E /* ColorSlider */ = {
			isa = PBXGroup;
			children = (
				1FC591391CB5EA7B00CBD02E /* ColorSliderViewController.swift */,
				1FC5913C1CB5EAC200CBD02E /* ColorSliderViewController.xib */,
			);
			name = ColorSlider;
			sourceTree = "<group>";
		};
		1FC7EA231C9FE88E00C6B76C /* Pagination */ = {
			isa = PBXGroup;
			children = (
				1F2863571C9F76C6004627D3 /* PaginationViewController.swift */,
				1FC7EA2A1C9FEE2600C6B76C /* PaginationViewController.storyboard */,
				1F2863591C9F7C85004627D3 /* PaginationViewModel.swift */,
			);
			name = Pagination;
			sourceTree = "<group>";
		};
		1FC7EA241C9FE89500C6B76C /* Zundoko */ = {
			isa = PBXGroup;
			children = (
				1F721D6B1C952F290022EC57 /* ZundokoViewController.swift */,
				1F721D6C1C952F290022EC57 /* ZundokoViewController.xib */,
			);
			name = Zundoko;
			sourceTree = "<group>";
		};
		1FC7EA251C9FE89B00C6B76C /* Action */ = {
			isa = PBXGroup;
			children = (
				48375AA81B54B2F200BDA6F3 /* ActionViewController.swift */,
				48375AA91B54B2F200BDA6F3 /* ActionViewController.xib */,
			);
			name = Action;
			sourceTree = "<group>";
		};
		1FC7EA261C9FE89F00C6B76C /* Incremental Search */ = {
			isa = PBXGroup;
			children = (
				1FF369F41BA50BFD00A49E30 /* IncrementalSearchViewController.swift */,
			);
			name = "Incremental Search";
			sourceTree = "<group>";
		};
		1FC7EA271C9FE8A600C6B76C /* Who to Follow */ = {
			isa = PBXGroup;
			children = (
				487B46731BA96A1D00C1DAD6 /* WhoToFollowViewController.swift */,
				487B46741BA96A1D00C1DAD6 /* WhoToFollowViewController.xib */,
			);
			name = "Who to Follow";
			sourceTree = "<group>";
		};
		1FC7EA281C9FE8AE00C6B76C /* Multiple TextField (login) */ = {
			isa = PBXGroup;
			children = (
				48EA63871BA92F5D007F1251 /* MultipleTextFieldViewController.swift */,
				48EA63881BA92F5D007F1251 /* MultipleTextFieldViewController.xib */,
			);
			name = "Multiple TextField (login)";
			sourceTree = "<group>";
		};
		1FC7EA291C9FE8BD00C6B76C /* TextField (throttle) */ = {
			isa = PBXGroup;
			children = (
				48EA63891BA92F5D007F1251 /* TextFieldViewController.swift */,
				48EA638A1BA92F5D007F1251 /* TextFieldViewController.xib */,
			);
			name = "TextField (throttle)";
			sourceTree = "<group>";
		};
		1FEE109F1BA9E440006E9335 /* Utilities */ = {
			isa = PBXGroup;
			children = (
				1FEE10A01BA9E440006E9335 /* Helpers.swift */,
				487750701CA27C4B00B56E7B /* Prelude.swift */,
				1FAD0A3C1E34039A00507682 /* Scene.swift */,
			);
			path = Utilities;
			sourceTree = "<group>";
		};
		48258F6E1CAA8DF0003BB383 /* ReactiveArray */ = {
			isa = PBXGroup;
			children = (
				48258F641CAA8BCC003BB383 /* ReactiveTableViewController.swift */,
				1FD70D461CB2B5FD00F8AFC2 /* ReactiveCollectionViewController.swift */,
				1FD70D4A1CB2C34300F8AFC2 /* ReactiveArrayViewControllerType.swift */,
				48258F701CAA9669003BB383 /* ReactiveArray.storyboard */,
				1FE0DF7C1CAFF55000893311 /* ReactiveArrayViewModel.swift */,
				1F665A8F1CB1A50F00DBCDC2 /* ReactiveDataSourceType.swift */,
				1F99E6AD1CB3FE5000C44598 /* ItemsViewType.swift */,
			);
			name = ReactiveArray;
			sourceTree = "<group>";
		};
		4837D9DB1CC737EA00BB1C35 /* GameCommand */ = {
			isa = PBXGroup;
			children = (
				482476AA1CC738F600DA143D /* GameCommand.storyboard */,
				4837D9D91CC737E400BB1C35 /* GameCommandViewController.swift */,
			);
			name = GameCommand;
			sourceTree = "<group>";
		};
		486888FE1D3DF369008AF8C7 /* Automaton */ = {
			isa = PBXGroup;
			children = (
				486888F81D3DF35F008AF8C7 /* Automaton.storyboard */,
				486888F91D3DF35F008AF8C7 /* AutomatonViewController.swift */,
				4868890B1D3E12E6008AF8C7 /* AutomatonFixtures.swift */,
			);
			name = Automaton;
			path = ..;
			sourceTree = "<group>";
		};
		486CF3311B53B4710056E591 /* Samples */ = {
			isa = PBXGroup;
			children = (
				1FC7EA291C9FE8BD00C6B76C /* TextField (throttle) */,
				1FC7EA281C9FE8AE00C6B76C /* Multiple TextField (login) */,
				1FC5913B1CB5EA8000CBD02E /* ColorSlider */,
				1FC7EA271C9FE8A600C6B76C /* Who to Follow */,
				1FC7EA261C9FE89F00C6B76C /* Incremental Search */,
				1FC7EA251C9FE89B00C6B76C /* Action */,
				1FC7EA241C9FE89500C6B76C /* Zundoko */,
				4837D9DB1CC737EA00BB1C35 /* GameCommand */,
				1FC7EA231C9FE88E00C6B76C /* Pagination */,
				48258F6E1CAA8DF0003BB383 /* ReactiveArray */,
				1F28A0991CA2221000287194 /* MenuBadge */,
				1F1BB5971CBEABEB00CE03B8 /* PhotosLike */,
				486888FE1D3DF369008AF8C7 /* Automaton */,
			);
			path = Samples;
			sourceTree = "<group>";
		};
		48D914351B4FB4C400E70080 = {
			isa = PBXGroup;
			children = (
				48D914401B4FB4C400E70080 /* ReactiveCocoaCatalog */,
				48D914581B4FB4C400E70080 /* ReactiveCocoaCatalogTests */,
				1F8517F81BA52E3C00C1FCB0 /* Frameworks */,
				48D9143F1B4FB4C400E70080 /* Products */,
			);
			sourceTree = "<group>";
		};
		48D9143F1B4FB4C400E70080 /* Products */ = {
			isa = PBXGroup;
			children = (
				48D9143E1B4FB4C400E70080 /* ReactiveCocoaCatalog.app */,
				48D914551B4FB4C400E70080 /* ReactiveCocoaCatalogTests.xctest */,
			);
			name = Products;
			sourceTree = "<group>";
		};
		48D914401B4FB4C400E70080 /* ReactiveCocoaCatalog */ = {
			isa = PBXGroup;
			children = (
				48D914431B4FB4C400E70080 /* AppDelegate.swift */,
				48D914451B4FB4C400E70080 /* MasterViewController.swift */,
				486CF32F1B53B34D0056E591 /* Catalog.swift */,
				1FEE109F1BA9E440006E9335 /* Utilities */,
				1F8517F91BA52E8100C1FCB0 /* Extensions */,
				1F8517E91BA5176C00C1FCB0 /* API */,
				486CF3311B53B4710056E591 /* Samples */,
				48D914491B4FB4C400E70080 /* Main.storyboard */,
				48D9144C1B4FB4C400E70080 /* Images.xcassets */,
				48D9144E1B4FB4C400E70080 /* LaunchScreen.xib */,
				48D914411B4FB4C400E70080 /* Supporting Files */,
			);
			path = ReactiveCocoaCatalog;
			sourceTree = "<group>";
		};
		48D914411B4FB4C400E70080 /* Supporting Files */ = {
			isa = PBXGroup;
			children = (
				48D914421B4FB4C400E70080 /* Info.plist */,
			);
			name = "Supporting Files";
			sourceTree = "<group>";
		};
		48D914581B4FB4C400E70080 /* ReactiveCocoaCatalogTests */ = {
			isa = PBXGroup;
			children = (
				48D9145B1B4FB4C400E70080 /* ReactiveCocoaCatalogTests.swift */,
				48D914591B4FB4C400E70080 /* Supporting Files */,
			);
			path = ReactiveCocoaCatalogTests;
			sourceTree = "<group>";
		};
		48D914591B4FB4C400E70080 /* Supporting Files */ = {
			isa = PBXGroup;
			children = (
				48D9145A1B4FB4C400E70080 /* Info.plist */,
			);
			name = "Supporting Files";
			sourceTree = "<group>";
		};
/* End PBXGroup section */

/* Begin PBXNativeTarget section */
		48D9143D1B4FB4C400E70080 /* ReactiveCocoaCatalog */ = {
			isa = PBXNativeTarget;
			buildConfigurationList = 48D9145F1B4FB4C400E70080 /* Build configuration list for PBXNativeTarget "ReactiveCocoaCatalog" */;
			buildPhases = (
				1FC591381CB5E7A100CBD02E /* SwiftLint */,
				48D9143A1B4FB4C400E70080 /* Sources */,
				48D9143B1B4FB4C400E70080 /* Frameworks */,
				48D9143C1B4FB4C400E70080 /* Resources */,
				1FE03AEA1BB79F1000D16C55 /* Embed Frameworks */,
			);
			buildRules = (
			);
			dependencies = (
			);
			name = ReactiveCocoaCatalog;
			productName = ReactiveCocoaCatalog;
			productReference = 48D9143E1B4FB4C400E70080 /* ReactiveCocoaCatalog.app */;
			productType = "com.apple.product-type.application";
		};
		48D914541B4FB4C400E70080 /* ReactiveCocoaCatalogTests */ = {
			isa = PBXNativeTarget;
			buildConfigurationList = 48D914621B4FB4C400E70080 /* Build configuration list for PBXNativeTarget "ReactiveCocoaCatalogTests" */;
			buildPhases = (
				48D914511B4FB4C400E70080 /* Sources */,
				48D914521B4FB4C400E70080 /* Frameworks */,
				48D914531B4FB4C400E70080 /* Resources */,
			);
			buildRules = (
			);
			dependencies = (
				48D914571B4FB4C400E70080 /* PBXTargetDependency */,
			);
			name = ReactiveCocoaCatalogTests;
			productName = ReactiveCocoaCatalogTests;
			productReference = 48D914551B4FB4C400E70080 /* ReactiveCocoaCatalogTests.xctest */;
			productType = "com.apple.product-type.bundle.unit-test";
		};
/* End PBXNativeTarget section */

/* Begin PBXProject section */
		48D914361B4FB4C400E70080 /* Project object */ = {
			isa = PBXProject;
			attributes = {
				LastSwiftMigration = 0700;
				LastSwiftUpdateCheck = 0700;
				LastUpgradeCheck = 0800;
				ORGANIZATIONNAME = "Yasuhiro Inami";
				TargetAttributes = {
					48D9143D1B4FB4C400E70080 = {
						CreatedOnToolsVersion = 6.3.1;
						DevelopmentTeam = UMBZ5WL247;
						LastSwiftMigration = 0820;
					};
					48D914541B4FB4C400E70080 = {
						CreatedOnToolsVersion = 6.3.1;
						LastSwiftMigration = 0800;
						TestTargetID = 48D9143D1B4FB4C400E70080;
					};
				};
			};
			buildConfigurationList = 48D914391B4FB4C400E70080 /* Build configuration list for PBXProject "ReactiveCocoaCatalog" */;
			compatibilityVersion = "Xcode 3.2";
			developmentRegion = English;
			hasScannedForEncodings = 0;
			knownRegions = (
				en,
				Base,
			);
			mainGroup = 48D914351B4FB4C400E70080;
			productRefGroup = 48D9143F1B4FB4C400E70080 /* Products */;
			projectDirPath = "";
			projectRoot = "";
			targets = (
				48D9143D1B4FB4C400E70080 /* ReactiveCocoaCatalog */,
				48D914541B4FB4C400E70080 /* ReactiveCocoaCatalogTests */,
			);
		};
/* End PBXProject section */

/* Begin PBXResourcesBuildPhase section */
		48D9143C1B4FB4C400E70080 /* Resources */ = {
			isa = PBXResourcesBuildPhase;
			buildActionMask = 2147483647;
			files = (
				48D9144B1B4FB4C400E70080 /* Main.storyboard in Resources */,
				1FC5913D1CB5EAC200CBD02E /* ColorSliderViewController.xib in Resources */,
				487B46761BA96A1D00C1DAD6 /* WhoToFollowViewController.xib in Resources */,
				1FDACD121CB5760C00806794 /* MenuBadge.storyboard in Resources */,
				48EA63921BA938A5007F1251 /* MultipleTextFieldViewController.xib in Resources */,
				1FC7EA2B1C9FEE2600C6B76C /* PaginationViewController.storyboard in Resources */,
				1F8CF17D1CC5C5F90047C2D2 /* PhotosLike.storyboard in Resources */,
				1F721D6E1C952F290022EC57 /* ZundokoViewController.xib in Resources */,
				48D914501B4FB4C400E70080 /* LaunchScreen.xib in Resources */,
				48375AAB1B54B2F200BDA6F3 /* ActionViewController.xib in Resources */,
				482476AB1CC738F600DA143D /* GameCommand.storyboard in Resources */,
				486888FB1D3DF35F008AF8C7 /* Automaton.storyboard in Resources */,
				48D9144D1B4FB4C400E70080 /* Images.xcassets in Resources */,
				48258F711CAA9669003BB383 /* ReactiveArray.storyboard in Resources */,
				48EA638E1BA92F5D007F1251 /* TextFieldViewController.xib in Resources */,
			);
			runOnlyForDeploymentPostprocessing = 0;
		};
		48D914531B4FB4C400E70080 /* Resources */ = {
			isa = PBXResourcesBuildPhase;
			buildActionMask = 2147483647;
			files = (
			);
			runOnlyForDeploymentPostprocessing = 0;
		};
/* End PBXResourcesBuildPhase section */

/* Begin PBXShellScriptBuildPhase section */
		1FC591381CB5E7A100CBD02E /* SwiftLint */ = {
			isa = PBXShellScriptBuildPhase;
			buildActionMask = 2147483647;
			files = (
			);
			inputPaths = (
			);
			name = SwiftLint;
			outputPaths = (
			);
			runOnlyForDeploymentPostprocessing = 0;
			shellPath = /bin/sh;
			shellScript = "if which swiftlint >/dev/null; then\nswiftlint\nelse\necho \"warning: SwiftLint not installed, download from https://github.com/realm/SwiftLint\"\nfi";
		};
/* End PBXShellScriptBuildPhase section */

/* Begin PBXSourcesBuildPhase section */
		48D9143A1B4FB4C400E70080 /* Sources */ = {
			isa = PBXSourcesBuildPhase;
			buildActionMask = 2147483647;
			files = (
				1F28A0971CA2220B00287194 /* MenuTabBarController.swift in Sources */,
				48D914461B4FB4C400E70080 /* MasterViewController.swift in Sources */,
				1F20D65F1C9F90CC00DC0153 /* PaginationRequestType.swift in Sources */,
				1F28635C1C9F85DA004627D3 /* APIKit+Ext.swift in Sources */,
				48375AAA1B54B2F200BDA6F3 /* ActionViewController.swift in Sources */,
				1F8517EB1BA5179400C1FCB0 /* BingAPI.swift in Sources */,
				1FC5913A1CB5EA7B00CBD02E /* ColorSliderViewController.swift in Sources */,
				487B465D1BA9698C00C1DAD6 /* GitHubAPI.swift in Sources */,
				480F7B481BA9705100E10892 /* WhoToFollowViewController.swift in Sources */,
				1FF369F51BA50BFD00A49E30 /* IncrementalSearchViewController.swift in Sources */,
				48258F651CAA8BCC003BB383 /* ReactiveTableViewController.swift in Sources */,
				4837D9DA1CC737E400BB1C35 /* GameCommandViewController.swift in Sources */,
				48D914441B4FB4C400E70080 /* AppDelegate.swift in Sources */,
				487750731CA28DD200B56E7B /* Sequence+Ext.swift in Sources */,
				1F0D0F1A1DC4E87E0083700F /* BindingTarget+Ext.swift in Sources */,
				1F2863581C9F76C6004627D3 /* PaginationViewController.swift in Sources */,
				4868890C1D3E12E6008AF8C7 /* AutomatonFixtures.swift in Sources */,
				1FDACD141CB5784600806794 /* MenuCustomViewController.swift in Sources */,
				1FAD0A3D1E34039A00507682 /* Scene.swift in Sources */,
				1FEE10A11BA9E440006E9335 /* Helpers.swift in Sources */,
				1F2D33BC1CB8DA3F005E38E6 /* MenuId.swift in Sources */,
				1F28A09B1CA222B600287194 /* MenuManager.swift in Sources */,
				1F28635A1C9F7C85004627D3 /* PaginationViewModel.swift in Sources */,
				1F8CF17E1CC5C5F90047C2D2 /* PhotosDetailViewController.swift in Sources */,
				1F721D6D1C952F290022EC57 /* ZundokoViewController.swift in Sources */,
				1F2D33BA1CB8D565005E38E6 /* MenuType.swift in Sources */,
				1F8CF17F1CC5C5F90047C2D2 /* PhotosLikeManager.swift in Sources */,
				48EA63911BA938A5007F1251 /* MultipleTextFieldViewController.swift in Sources */,
				1F99E6AE1CB3FE5000C44598 /* ItemsViewType.swift in Sources */,
				1FDB70B01CB8ED79000A0462 /* BadgeManager.swift in Sources */,
				486888FC1D3DF35F008AF8C7 /* AutomatonViewController.swift in Sources */,
				48EA638D1BA92F5D007F1251 /* TextFieldViewController.swift in Sources */,
				1FE0DF7D1CAFF55000893311 /* ReactiveArrayViewModel.swift in Sources */,
				1FE0DF7B1CAFF01100893311 /* UIBarButtonItem+Ext.swift in Sources */,
				1F8CF1811CC5C5F90047C2D2 /* PhotosViewController.swift in Sources */,
				1FD70D4B1CB2C34300F8AFC2 /* ReactiveArrayViewControllerType.swift in Sources */,
				1F665A901CB1A50F00DBCDC2 /* ReactiveDataSourceType.swift in Sources */,
				486CF3301B53B34D0056E591 /* Catalog.swift in Sources */,
				1F55495A1CB57C2F002E3B32 /* MenuSettingsViewController.swift in Sources */,
				1FD70D471CB2B5FD00F8AFC2 /* ReactiveCollectionViewController.swift in Sources */,
				48EA63941BA939A9007F1251 /* ReactiveCocoa+Ext.swift in Sources */,
				487750711CA27C4B00B56E7B /* Prelude.swift in Sources */,
				1F1BB5991CBEB21E00CE03B8 /* FlickrAPI.swift in Sources */,
			);
			runOnlyForDeploymentPostprocessing = 0;
		};
		48D914511B4FB4C400E70080 /* Sources */ = {
			isa = PBXSourcesBuildPhase;
			buildActionMask = 2147483647;
			files = (
				48D9145C1B4FB4C400E70080 /* ReactiveCocoaCatalogTests.swift in Sources */,
			);
			runOnlyForDeploymentPostprocessing = 0;
		};
/* End PBXSourcesBuildPhase section */

/* Begin PBXTargetDependency section */
		48D914571B4FB4C400E70080 /* PBXTargetDependency */ = {
			isa = PBXTargetDependency;
			target = 48D9143D1B4FB4C400E70080 /* ReactiveCocoaCatalog */;
			targetProxy = 48D914561B4FB4C400E70080 /* PBXContainerItemProxy */;
		};
/* End PBXTargetDependency section */

/* Begin PBXVariantGroup section */
		48D914491B4FB4C400E70080 /* Main.storyboard */ = {
			isa = PBXVariantGroup;
			children = (
				48D9144A1B4FB4C400E70080 /* Base */,
			);
			name = Main.storyboard;
			sourceTree = "<group>";
		};
		48D9144E1B4FB4C400E70080 /* LaunchScreen.xib */ = {
			isa = PBXVariantGroup;
			children = (
				48D9144F1B4FB4C400E70080 /* Base */,
			);
			name = LaunchScreen.xib;
			sourceTree = "<group>";
		};
/* End PBXVariantGroup section */

/* Begin XCBuildConfiguration section */
		48D9145D1B4FB4C400E70080 /* Debug */ = {
			isa = XCBuildConfiguration;
			buildSettings = {
				ALWAYS_SEARCH_USER_PATHS = NO;
				CLANG_CXX_LANGUAGE_STANDARD = "gnu++0x";
				CLANG_CXX_LIBRARY = "libc++";
				CLANG_ENABLE_MODULES = YES;
				CLANG_ENABLE_OBJC_ARC = YES;
				CLANG_WARN_BOOL_CONVERSION = YES;
				CLANG_WARN_CONSTANT_CONVERSION = YES;
				CLANG_WARN_DIRECT_OBJC_ISA_USAGE = YES_ERROR;
				CLANG_WARN_EMPTY_BODY = YES;
				CLANG_WARN_ENUM_CONVERSION = YES;
				CLANG_WARN_INFINITE_RECURSION = YES;
				CLANG_WARN_INT_CONVERSION = YES;
				CLANG_WARN_OBJC_ROOT_CLASS = YES_ERROR;
				CLANG_WARN_SUSPICIOUS_MOVE = YES;
				CLANG_WARN_UNREACHABLE_CODE = YES;
				CLANG_WARN__DUPLICATE_METHOD_MATCH = YES;
				"CODE_SIGN_IDENTITY[sdk=iphoneos*]" = "iPhone Developer";
				COPY_PHASE_STRIP = NO;
				DEBUG_INFORMATION_FORMAT = "dwarf-with-dsym";
				ENABLE_STRICT_OBJC_MSGSEND = YES;
				ENABLE_TESTABILITY = YES;
				GCC_C_LANGUAGE_STANDARD = gnu99;
				GCC_DYNAMIC_NO_PIC = NO;
				GCC_NO_COMMON_BLOCKS = YES;
				GCC_OPTIMIZATION_LEVEL = 0;
				GCC_PREPROCESSOR_DEFINITIONS = (
					"DEBUG=1",
					"$(inherited)",
				);
				GCC_SYMBOLS_PRIVATE_EXTERN = NO;
				GCC_WARN_64_TO_32_BIT_CONVERSION = YES;
				GCC_WARN_ABOUT_RETURN_TYPE = YES_ERROR;
				GCC_WARN_UNDECLARED_SELECTOR = YES;
				GCC_WARN_UNINITIALIZED_AUTOS = YES_AGGRESSIVE;
				GCC_WARN_UNUSED_FUNCTION = YES;
				GCC_WARN_UNUSED_VARIABLE = YES;
				IPHONEOS_DEPLOYMENT_TARGET = 8.0;
				MTL_ENABLE_DEBUG_INFO = YES;
				ONLY_ACTIVE_ARCH = YES;
				SDKROOT = iphoneos;
				SWIFT_OPTIMIZATION_LEVEL = "-Onone";
				TARGETED_DEVICE_FAMILY = "1,2";
			};
			name = Debug;
		};
		48D9145E1B4FB4C400E70080 /* Release */ = {
			isa = XCBuildConfiguration;
			buildSettings = {
				ALWAYS_SEARCH_USER_PATHS = NO;
				CLANG_CXX_LANGUAGE_STANDARD = "gnu++0x";
				CLANG_CXX_LIBRARY = "libc++";
				CLANG_ENABLE_MODULES = YES;
				CLANG_ENABLE_OBJC_ARC = YES;
				CLANG_WARN_BOOL_CONVERSION = YES;
				CLANG_WARN_CONSTANT_CONVERSION = YES;
				CLANG_WARN_DIRECT_OBJC_ISA_USAGE = YES_ERROR;
				CLANG_WARN_EMPTY_BODY = YES;
				CLANG_WARN_ENUM_CONVERSION = YES;
				CLANG_WARN_INFINITE_RECURSION = YES;
				CLANG_WARN_INT_CONVERSION = YES;
				CLANG_WARN_OBJC_ROOT_CLASS = YES_ERROR;
				CLANG_WARN_SUSPICIOUS_MOVE = YES;
				CLANG_WARN_UNREACHABLE_CODE = YES;
				CLANG_WARN__DUPLICATE_METHOD_MATCH = YES;
				"CODE_SIGN_IDENTITY[sdk=iphoneos*]" = "iPhone Developer";
				COPY_PHASE_STRIP = NO;
				DEBUG_INFORMATION_FORMAT = "dwarf-with-dsym";
				ENABLE_NS_ASSERTIONS = NO;
				ENABLE_STRICT_OBJC_MSGSEND = YES;
				GCC_C_LANGUAGE_STANDARD = gnu99;
				GCC_NO_COMMON_BLOCKS = YES;
				GCC_WARN_64_TO_32_BIT_CONVERSION = YES;
				GCC_WARN_ABOUT_RETURN_TYPE = YES_ERROR;
				GCC_WARN_UNDECLARED_SELECTOR = YES;
				GCC_WARN_UNINITIALIZED_AUTOS = YES_AGGRESSIVE;
				GCC_WARN_UNUSED_FUNCTION = YES;
				GCC_WARN_UNUSED_VARIABLE = YES;
				IPHONEOS_DEPLOYMENT_TARGET = 8.0;
				MTL_ENABLE_DEBUG_INFO = NO;
				SDKROOT = iphoneos;
				SWIFT_OPTIMIZATION_LEVEL = "-Owholemodule";
				TARGETED_DEVICE_FAMILY = "1,2";
				VALIDATE_PRODUCT = YES;
			};
			name = Release;
		};
		48D914601B4FB4C400E70080 /* Debug */ = {
			isa = XCBuildConfiguration;
			buildSettings = {
				ASSETCATALOG_COMPILER_APPICON_NAME = AppIcon;
				CLANG_ENABLE_MODULES = YES;
				CODE_SIGN_IDENTITY = "iPhone Developer";
				DEVELOPMENT_TEAM = UMBZ5WL247;
				INFOPLIST_FILE = ReactiveCocoaCatalog/Info.plist;
				IPHONEOS_DEPLOYMENT_TARGET = 9.3;
				LD_RUNPATH_SEARCH_PATHS = "$(inherited) @executable_path/Frameworks";
				PRODUCT_BUNDLE_IDENTIFIER = "com.inamiy.$(PRODUCT_NAME:rfc1034identifier)";
				PRODUCT_NAME = "$(TARGET_NAME)";
				SWIFT_OPTIMIZATION_LEVEL = "-Onone";
				SWIFT_VERSION = 3.0;
			};
			name = Debug;
		};
		48D914611B4FB4C400E70080 /* Release */ = {
			isa = XCBuildConfiguration;
			buildSettings = {
				ASSETCATALOG_COMPILER_APPICON_NAME = AppIcon;
				CLANG_ENABLE_MODULES = YES;
				CODE_SIGN_IDENTITY = "iPhone Developer";
				DEVELOPMENT_TEAM = UMBZ5WL247;
				INFOPLIST_FILE = ReactiveCocoaCatalog/Info.plist;
				IPHONEOS_DEPLOYMENT_TARGET = 9.3;
				LD_RUNPATH_SEARCH_PATHS = "$(inherited) @executable_path/Frameworks";
				PRODUCT_BUNDLE_IDENTIFIER = "com.inamiy.$(PRODUCT_NAME:rfc1034identifier)";
				PRODUCT_NAME = "$(TARGET_NAME)";
				SWIFT_VERSION = 3.0;
			};
			name = Release;
		};
		48D914631B4FB4C400E70080 /* Debug */ = {
			isa = XCBuildConfiguration;
			buildSettings = {
				BUNDLE_LOADER = "$(TEST_HOST)";
				FRAMEWORK_SEARCH_PATHS = (
					"$(SDKROOT)/Developer/Library/Frameworks",
					"$(inherited)",
				);
				GCC_PREPROCESSOR_DEFINITIONS = (
					"DEBUG=1",
					"$(inherited)",
				);
				INFOPLIST_FILE = ReactiveCocoaCatalogTests/Info.plist;
				LD_RUNPATH_SEARCH_PATHS = "$(inherited) @executable_path/Frameworks @loader_path/Frameworks";
				PRODUCT_BUNDLE_IDENTIFIER = "com.inamiy.$(PRODUCT_NAME:rfc1034identifier)";
				PRODUCT_NAME = "$(TARGET_NAME)";
				SWIFT_VERSION = 3.0;
				TEST_HOST = "$(BUILT_PRODUCTS_DIR)/ReactiveCocoaCatalog.app/ReactiveCocoaCatalog";
			};
			name = Debug;
		};
		48D914641B4FB4C400E70080 /* Release */ = {
			isa = XCBuildConfiguration;
			buildSettings = {
				BUNDLE_LOADER = "$(TEST_HOST)";
				FRAMEWORK_SEARCH_PATHS = (
					"$(SDKROOT)/Developer/Library/Frameworks",
					"$(inherited)",
				);
				INFOPLIST_FILE = ReactiveCocoaCatalogTests/Info.plist;
				LD_RUNPATH_SEARCH_PATHS = "$(inherited) @executable_path/Frameworks @loader_path/Frameworks";
				PRODUCT_BUNDLE_IDENTIFIER = "com.inamiy.$(PRODUCT_NAME:rfc1034identifier)";
				PRODUCT_NAME = "$(TARGET_NAME)";
				SWIFT_VERSION = 3.0;
				TEST_HOST = "$(BUILT_PRODUCTS_DIR)/ReactiveCocoaCatalog.app/ReactiveCocoaCatalog";
			};
			name = Release;
		};
/* End XCBuildConfiguration section */

/* Begin XCConfigurationList section */
		48D914391B4FB4C400E70080 /* Build configuration list for PBXProject "ReactiveCocoaCatalog" */ = {
			isa = XCConfigurationList;
			buildConfigurations = (
				48D9145D1B4FB4C400E70080 /* Debug */,
				48D9145E1B4FB4C400E70080 /* Release */,
			);
			defaultConfigurationIsVisible = 0;
			defaultConfigurationName = Release;
		};
		48D9145F1B4FB4C400E70080 /* Build configuration list for PBXNativeTarget "ReactiveCocoaCatalog" */ = {
			isa = XCConfigurationList;
			buildConfigurations = (
				48D914601B4FB4C400E70080 /* Debug */,
				48D914611B4FB4C400E70080 /* Release */,
			);
			defaultConfigurationIsVisible = 0;
			defaultConfigurationName = Release;
		};
		48D914621B4FB4C400E70080 /* Build configuration list for PBXNativeTarget "ReactiveCocoaCatalogTests" */ = {
			isa = XCConfigurationList;
			buildConfigurations = (
				48D914631B4FB4C400E70080 /* Debug */,
				48D914641B4FB4C400E70080 /* Release */,
			);
			defaultConfigurationIsVisible = 0;
			defaultConfigurationName = Release;
		};
/* End XCConfigurationList section */
	};
	rootObject = 48D914361B4FB4C400E70080 /* Project object */;
}
